
Microsoft Visual Studio Solution File, Format Version 12.00
# Visual Studio 2013
VisualStudioVersion = 12.0.40629.0
MinimumVisualStudioVersion = 10.0.40219.1
Project("{2150E333-8FDC-42A3-9474-1A3956D46DE8}") = ".nuget", ".nuget", "{5022FDC3-680F-4C7A-9838-0C0A8CB29DC3}"
	ProjectSection(SolutionItems) = preProject
		.nuget\NuGet.Config = .nuget\NuGet.Config
		.nuget\NuGet.exe = .nuget\NuGet.exe
		.nuget\NuGet.targets = .nuget\NuGet.targets
	EndProjectSection
EndProject
Project("{2150E333-8FDC-42A3-9474-1A3956D46DE8}") = "Solution Items", "Solution Items", "{46E02432-AFD3-4E1A-A2A5-E975335D3CA0}"
	ProjectSection(SolutionItems) = preProject
		Miam.build = Miam.build
	EndProjectSection
EndProject
Project("{FAE04EC0-301F-11D3-BF4B-00C04F79EFBC}") = "Miam.DataLayer", "Miam.DataLayer\Miam.DataLayer.csproj", "{45063F47-819B-4C94-A017-CE2FBE20E277}"
EndProject
Project("{FAE04EC0-301F-11D3-BF4B-00C04F79EFBC}") = "Miam.DataLayer.IntegrationTests", "Miam.DataLayer.IntegrationTests\Miam.DataLayer.IntegrationTests.csproj", "{89D99AA9-B39A-4E1D-A071-02CCEB82BBB8}"
EndProject
Project("{FAE04EC0-301F-11D3-BF4B-00C04F79EFBC}") = "Miam.Domain", "Miam.Domain\Miam.Domain.csproj", "{E810FD87-1E7A-4BFB-A16E-950281DC6F9E}"
EndProject
Project("{FAE04EC0-301F-11D3-BF4B-00C04F79EFBC}") = "Miam.TestUtility", "Miam.TestUtility\Miam.TestUtility.csproj", "{F267E2C1-675B-4CDB-BC6A-4307A609053E}"
EndProject
Project("{FAE04EC0-301F-11D3-BF4B-00C04F79EFBC}") = "Miam.Web", "Miam.Web\Miam.Web.csproj", "{4EF73B74-EB13-468A-83DA-C68FD743DCC4}"
EndProject
Project("{FAE04EC0-301F-11D3-BF4B-00C04F79EFBC}") = "Miam.Web.UnitTests", "Miam.Web.UnitTests\Miam.Web.UnitTests.csproj", "{732EFE0F-9683-45F9-828E-8D8628746B2C}"
EndProject
Project("{FAE04EC0-301F-11D3-BF4B-00C04F79EFBC}") = "Miam.ApplicationServices", "Miam.ApplicationServices\Miam.ApplicationServices.csproj", "{70287143-42AB-4F50-BB1A-CD61C1D0BC31}"
EndProject
Project("{FAE04EC0-301F-11D3-BF4B-00C04F79EFBC}") = "Miam.ApplicationServices.UnitTests", "Miam.ApplicationServices.UnitTests\Miam.ApplicationServices.UnitTests.csproj", "{72E2BEFD-CCE8-499A-A9FF-BBFAB3986FAC}"
EndProject
Project("{FAE04EC0-301F-11D3-BF4B-00C04F79EFBC}") = "Miam.AcceptanceTests", "Miam.AcceptanceTests\Miam.AcceptanceTests.csproj", "{E1F505B0-2A17-46B1-807B-C3CCA8FB87DD}"
EndProject
Project("{FAE04EC0-301F-11D3-BF4B-00C04F79EFBC}") = "Miam.AcceptanceTests.Automation", "Miam.AcceptanceTests.Automation\Miam.AcceptanceTests.Automation.csproj", "{E1316495-D453-49AF-BEA8-6E4395422F41}"
EndProject
Project("{FAE04EC0-301F-11D3-BF4B-00C04F79EFBC}") = "Miam.DataLayer.ViewEntityDataModel", "Miam.DataLayer.ViewEntityDataModel\Miam.DataLayer.ViewEntityDataModel.csproj", "{81A8C3C6-4543-45DC-8BF5-7C50E1D1A34E}"
EndProject
Global
	GlobalSection(SolutionConfigurationPlatforms) = preSolution
		CI-Release|Any CPU = CI-Release|Any CPU
		CI-Release|ARM = CI-Release|ARM
		CI-Release|x64 = CI-Release|x64
		CI-Release|x86 = CI-Release|x86
		Debug|Any CPU = Debug|Any CPU
		Debug|ARM = Debug|ARM
		Debug|x64 = Debug|x64
		Debug|x86 = Debug|x86
		Release|Any CPU = Release|Any CPU
		Release|ARM = Release|ARM
		Release|x64 = Release|x64
		Release|x86 = Release|x86
	EndGlobalSection
	GlobalSection(ProjectConfigurationPlatforms) = postSolution
		{45063F47-819B-4C94-A017-CE2FBE20E277}.CI-Release|Any CPU.ActiveCfg = CI-Release|Any CPU
		{45063F47-819B-4C94-A017-CE2FBE20E277}.CI-Release|Any CPU.Build.0 = CI-Release|Any CPU
		{45063F47-819B-4C94-A017-CE2FBE20E277}.CI-Release|ARM.ActiveCfg = CI-Release|Any CPU
		{45063F47-819B-4C94-A017-CE2FBE20E277}.CI-Release|x64.ActiveCfg = CI-Release|Any CPU
		{45063F47-819B-4C94-A017-CE2FBE20E277}.CI-Release|x86.ActiveCfg = CI-Release|Any CPU
		{45063F47-819B-4C94-A017-CE2FBE20E277}.Debug|Any CPU.ActiveCfg = Debug|Any CPU
		{45063F47-819B-4C94-A017-CE2FBE20E277}.Debug|Any CPU.Build.0 = Debug|Any CPU
		{45063F47-819B-4C94-A017-CE2FBE20E277}.Debug|ARM.ActiveCfg = Debug|Any CPU
		{45063F47-819B-4C94-A017-CE2FBE20E277}.Debug|x64.ActiveCfg = Debug|Any CPU
		{45063F47-819B-4C94-A017-CE2FBE20E277}.Debug|x86.ActiveCfg = Debug|Any CPU
		{45063F47-819B-4C94-A017-CE2FBE20E277}.Release|Any CPU.ActiveCfg = Release|Any CPU
		{45063F47-819B-4C94-A017-CE2FBE20E277}.Release|Any CPU.Build.0 = Release|Any CPU
		{45063F47-819B-4C94-A017-CE2FBE20E277}.Release|ARM.ActiveCfg = Release|Any CPU
		{45063F47-819B-4C94-A017-CE2FBE20E277}.Release|x64.ActiveCfg = Release|Any CPU
		{45063F47-819B-4C94-A017-CE2FBE20E277}.Release|x86.ActiveCfg = Release|Any CPU
		{89D99AA9-B39A-4E1D-A071-02CCEB82BBB8}.CI-Release|Any CPU.ActiveCfg = CI-Release|Any CPU
		{89D99AA9-B39A-4E1D-A071-02CCEB82BBB8}.CI-Release|Any CPU.Build.0 = CI-Release|Any CPU
		{89D99AA9-B39A-4E1D-A071-02CCEB82BBB8}.CI-Release|ARM.ActiveCfg = CI-Release|Any CPU
		{89D99AA9-B39A-4E1D-A071-02CCEB82BBB8}.CI-Release|x64.ActiveCfg = CI-Release|Any CPU
		{89D99AA9-B39A-4E1D-A071-02CCEB82BBB8}.CI-Release|x86.ActiveCfg = CI-Release|Any CPU
		{89D99AA9-B39A-4E1D-A071-02CCEB82BBB8}.Debug|Any CPU.ActiveCfg = Debug|Any CPU
		{89D99AA9-B39A-4E1D-A071-02CCEB82BBB8}.Debug|Any CPU.Build.0 = Debug|Any CPU
		{89D99AA9-B39A-4E1D-A071-02CCEB82BBB8}.Debug|ARM.ActiveCfg = Debug|Any CPU
		{89D99AA9-B39A-4E1D-A071-02CCEB82BBB8}.Debug|x64.ActiveCfg = Debug|Any CPU
		{89D99AA9-B39A-4E1D-A071-02CCEB82BBB8}.Debug|x86.ActiveCfg = Debug|Any CPU
		{89D99AA9-B39A-4E1D-A071-02CCEB82BBB8}.Release|Any CPU.ActiveCfg = Release|Any CPU
		{89D99AA9-B39A-4E1D-A071-02CCEB82BBB8}.Release|Any CPU.Build.0 = Release|Any CPU
		{89D99AA9-B39A-4E1D-A071-02CCEB82BBB8}.Release|ARM.ActiveCfg = Release|Any CPU
		{89D99AA9-B39A-4E1D-A071-02CCEB82BBB8}.Release|x64.ActiveCfg = Release|Any CPU
		{89D99AA9-B39A-4E1D-A071-02CCEB82BBB8}.Release|x86.ActiveCfg = Release|Any CPU
		{E810FD87-1E7A-4BFB-A16E-950281DC6F9E}.CI-Release|Any CPU.ActiveCfg = CI-Release|Any CPU
		{E810FD87-1E7A-4BFB-A16E-950281DC6F9E}.CI-Release|Any CPU.Build.0 = CI-Release|Any CPU
		{E810FD87-1E7A-4BFB-A16E-950281DC6F9E}.CI-Release|ARM.ActiveCfg = CI-Release|Any CPU
		{E810FD87-1E7A-4BFB-A16E-950281DC6F9E}.CI-Release|x64.ActiveCfg = CI-Release|Any CPU
		{E810FD87-1E7A-4BFB-A16E-950281DC6F9E}.CI-Release|x86.ActiveCfg = CI-Release|Any CPU
		{E810FD87-1E7A-4BFB-A16E-950281DC6F9E}.Debug|Any CPU.ActiveCfg = Debug|Any CPU
		{E810FD87-1E7A-4BFB-A16E-950281DC6F9E}.Debug|Any CPU.Build.0 = Debug|Any CPU
		{E810FD87-1E7A-4BFB-A16E-950281DC6F9E}.Debug|ARM.ActiveCfg = Debug|Any CPU
		{E810FD87-1E7A-4BFB-A16E-950281DC6F9E}.Debug|x64.ActiveCfg = Debug|Any CPU
		{E810FD87-1E7A-4BFB-A16E-950281DC6F9E}.Debug|x86.ActiveCfg = Debug|Any CPU
		{E810FD87-1E7A-4BFB-A16E-950281DC6F9E}.Release|Any CPU.ActiveCfg = Release|Any CPU
		{E810FD87-1E7A-4BFB-A16E-950281DC6F9E}.Release|Any CPU.Build.0 = Release|Any CPU
		{E810FD87-1E7A-4BFB-A16E-950281DC6F9E}.Release|ARM.ActiveCfg = Release|Any CPU
		{E810FD87-1E7A-4BFB-A16E-950281DC6F9E}.Release|x64.ActiveCfg = Release|Any CPU
		{E810FD87-1E7A-4BFB-A16E-950281DC6F9E}.Release|x86.ActiveCfg = Release|Any CPU
		{F267E2C1-675B-4CDB-BC6A-4307A609053E}.CI-Release|Any CPU.ActiveCfg = CI-Release|Any CPU
		{F267E2C1-675B-4CDB-BC6A-4307A609053E}.CI-Release|Any CPU.Build.0 = CI-Release|Any CPU
		{F267E2C1-675B-4CDB-BC6A-4307A609053E}.CI-Release|ARM.ActiveCfg = CI-Release|Any CPU
		{F267E2C1-675B-4CDB-BC6A-4307A609053E}.CI-Release|x64.ActiveCfg = CI-Release|Any CPU
		{F267E2C1-675B-4CDB-BC6A-4307A609053E}.CI-Release|x86.ActiveCfg = CI-Release|Any CPU
		{F267E2C1-675B-4CDB-BC6A-4307A609053E}.Debug|Any CPU.ActiveCfg = Debug|Any CPU
		{F267E2C1-675B-4CDB-BC6A-4307A609053E}.Debug|Any CPU.Build.0 = Debug|Any CPU
		{F267E2C1-675B-4CDB-BC6A-4307A609053E}.Debug|ARM.ActiveCfg = Debug|Any CPU
		{F267E2C1-675B-4CDB-BC6A-4307A609053E}.Debug|x64.ActiveCfg = Debug|Any CPU
		{F267E2C1-675B-4CDB-BC6A-4307A609053E}.Debug|x86.ActiveCfg = Debug|Any CPU
		{F267E2C1-675B-4CDB-BC6A-4307A609053E}.Release|Any CPU.ActiveCfg = Release|Any CPU
		{F267E2C1-675B-4CDB-BC6A-4307A609053E}.Release|Any CPU.Build.0 = Release|Any CPU
		{F267E2C1-675B-4CDB-BC6A-4307A609053E}.Release|ARM.ActiveCfg = Release|Any CPU
		{F267E2C1-675B-4CDB-BC6A-4307A609053E}.Release|x64.ActiveCfg = Release|Any CPU
		{F267E2C1-675B-4CDB-BC6A-4307A609053E}.Release|x86.ActiveCfg = Release|Any CPU
		{4EF73B74-EB13-468A-83DA-C68FD743DCC4}.CI-Release|Any CPU.ActiveCfg = CI-Release|Any CPU
		{4EF73B74-EB13-468A-83DA-C68FD743DCC4}.CI-Release|Any CPU.Build.0 = CI-Release|Any CPU
		{4EF73B74-EB13-468A-83DA-C68FD743DCC4}.CI-Release|ARM.ActiveCfg = CI-Release|Any CPU
		{4EF73B74-EB13-468A-83DA-C68FD743DCC4}.CI-Release|x64.ActiveCfg = CI-Release|Any CPU
		{4EF73B74-EB13-468A-83DA-C68FD743DCC4}.CI-Release|x86.ActiveCfg = CI-Release|Any CPU
		{4EF73B74-EB13-468A-83DA-C68FD743DCC4}.Debug|Any CPU.ActiveCfg = Debug|Any CPU
		{4EF73B74-EB13-468A-83DA-C68FD743DCC4}.Debug|Any CPU.Build.0 = Debug|Any CPU
		{4EF73B74-EB13-468A-83DA-C68FD743DCC4}.Debug|ARM.ActiveCfg = Debug|Any CPU
		{4EF73B74-EB13-468A-83DA-C68FD743DCC4}.Debug|x64.ActiveCfg = Debug|Any CPU
		{4EF73B74-EB13-468A-83DA-C68FD743DCC4}.Debug|x86.ActiveCfg = Debug|Any CPU
		{4EF73B74-EB13-468A-83DA-C68FD743DCC4}.Release|Any CPU.ActiveCfg = Release|Any CPU
		{4EF73B74-EB13-468A-83DA-C68FD743DCC4}.Release|Any CPU.Build.0 = Release|Any CPU
		{4EF73B74-EB13-468A-83DA-C68FD743DCC4}.Release|ARM.ActiveCfg = Release|Any CPU
		{4EF73B74-EB13-468A-83DA-C68FD743DCC4}.Release|x64.ActiveCfg = Release|Any CPU
		{4EF73B74-EB13-468A-83DA-C68FD743DCC4}.Release|x86.ActiveCfg = Release|Any CPU
		{732EFE0F-9683-45F9-828E-8D8628746B2C}.CI-Release|Any CPU.ActiveCfg = CI-Release|Any CPU
		{732EFE0F-9683-45F9-828E-8D8628746B2C}.CI-Release|Any CPU.Build.0 = CI-Release|Any CPU
		{732EFE0F-9683-45F9-828E-8D8628746B2C}.CI-Release|ARM.ActiveCfg = CI-Release|Any CPU
		{732EFE0F-9683-45F9-828E-8D8628746B2C}.CI-Release|x64.ActiveCfg = CI-Release|Any CPU
		{732EFE0F-9683-45F9-828E-8D8628746B2C}.CI-Release|x86.ActiveCfg = CI-Release|Any CPU
		{732EFE0F-9683-45F9-828E-8D8628746B2C}.Debug|Any CPU.ActiveCfg = Debug|Any CPU
		{732EFE0F-9683-45F9-828E-8D8628746B2C}.Debug|Any CPU.Build.0 = Debug|Any CPU
		{732EFE0F-9683-45F9-828E-8D8628746B2C}.Debug|ARM.ActiveCfg = Debug|Any CPU
		{732EFE0F-9683-45F9-828E-8D8628746B2C}.Debug|x64.ActiveCfg = Debug|Any CPU
		{732EFE0F-9683-45F9-828E-8D8628746B2C}.Debug|x86.ActiveCfg = Debug|Any CPU
		{732EFE0F-9683-45F9-828E-8D8628746B2C}.Release|Any CPU.ActiveCfg = Release|Any CPU
		{732EFE0F-9683-45F9-828E-8D8628746B2C}.Release|Any CPU.Build.0 = Release|Any CPU
		{732EFE0F-9683-45F9-828E-8D8628746B2C}.Release|ARM.ActiveCfg = Release|Any CPU
		{732EFE0F-9683-45F9-828E-8D8628746B2C}.Release|x64.ActiveCfg = Release|Any CPU
		{732EFE0F-9683-45F9-828E-8D8628746B2C}.Release|x86.ActiveCfg = Release|Any CPU
		{70287143-42AB-4F50-BB1A-CD61C1D0BC31}.CI-Release|Any CPU.ActiveCfg = Release|Any CPU
		{70287143-42AB-4F50-BB1A-CD61C1D0BC31}.CI-Release|Any CPU.Build.0 = Release|Any CPU
		{70287143-42AB-4F50-BB1A-CD61C1D0BC31}.CI-Release|ARM.ActiveCfg = Release|Any CPU
		{70287143-42AB-4F50-BB1A-CD61C1D0BC31}.CI-Release|x64.ActiveCfg = Release|Any CPU
		{70287143-42AB-4F50-BB1A-CD61C1D0BC31}.CI-Release|x86.ActiveCfg = Release|Any CPU
		{70287143-42AB-4F50-BB1A-CD61C1D0BC31}.Debug|Any CPU.ActiveCfg = Debug|Any CPU
		{70287143-42AB-4F50-BB1A-CD61C1D0BC31}.Debug|Any CPU.Build.0 = Debug|Any CPU
		{70287143-42AB-4F50-BB1A-CD61C1D0BC31}.Debug|ARM.ActiveCfg = Debug|Any CPU
		{70287143-42AB-4F50-BB1A-CD61C1D0BC31}.Debug|x64.ActiveCfg = Debug|Any CPU
		{70287143-42AB-4F50-BB1A-CD61C1D0BC31}.Debug|x86.ActiveCfg = Debug|Any CPU
		{70287143-42AB-4F50-BB1A-CD61C1D0BC31}.Release|Any CPU.ActiveCfg = Release|Any CPU
		{70287143-42AB-4F50-BB1A-CD61C1D0BC31}.Release|Any CPU.Build.0 = Release|Any CPU
		{70287143-42AB-4F50-BB1A-CD61C1D0BC31}.Release|ARM.ActiveCfg = Release|Any CPU
		{70287143-42AB-4F50-BB1A-CD61C1D0BC31}.Release|x64.ActiveCfg = Release|Any CPU
		{70287143-42AB-4F50-BB1A-CD61C1D0BC31}.Release|x86.ActiveCfg = Release|Any CPU
		{72E2BEFD-CCE8-499A-A9FF-BBFAB3986FAC}.CI-Release|Any CPU.ActiveCfg = Release|Any CPU
		{72E2BEFD-CCE8-499A-A9FF-BBFAB3986FAC}.CI-Release|Any CPU.Build.0 = Release|Any CPU
		{72E2BEFD-CCE8-499A-A9FF-BBFAB3986FAC}.CI-Release|ARM.ActiveCfg = Release|Any CPU
		{72E2BEFD-CCE8-499A-A9FF-BBFAB3986FAC}.CI-Release|x64.ActiveCfg = Release|Any CPU
		{72E2BEFD-CCE8-499A-A9FF-BBFAB3986FAC}.CI-Release|x86.ActiveCfg = Release|Any CPU
		{72E2BEFD-CCE8-499A-A9FF-BBFAB3986FAC}.Debug|Any CPU.ActiveCfg = Debug|Any CPU
		{72E2BEFD-CCE8-499A-A9FF-BBFAB3986FAC}.Debug|Any CPU.Build.0 = Debug|Any CPU
		{72E2BEFD-CCE8-499A-A9FF-BBFAB3986FAC}.Debug|ARM.ActiveCfg = Debug|Any CPU
		{72E2BEFD-CCE8-499A-A9FF-BBFAB3986FAC}.Debug|x64.ActiveCfg = Debug|Any CPU
		{72E2BEFD-CCE8-499A-A9FF-BBFAB3986FAC}.Debug|x86.ActiveCfg = Debug|Any CPU
		{72E2BEFD-CCE8-499A-A9FF-BBFAB3986FAC}.Release|Any CPU.ActiveCfg = Release|Any CPU
		{72E2BEFD-CCE8-499A-A9FF-BBFAB3986FAC}.Release|Any CPU.Build.0 = Release|Any CPU
		{72E2BEFD-CCE8-499A-A9FF-BBFAB3986FAC}.Release|ARM.ActiveCfg = Release|Any CPU
		{72E2BEFD-CCE8-499A-A9FF-BBFAB3986FAC}.Release|x64.ActiveCfg = Release|Any CPU
		{72E2BEFD-CCE8-499A-A9FF-BBFAB3986FAC}.Release|x86.ActiveCfg = Release|Any CPU
		{E1F505B0-2A17-46B1-807B-C3CCA8FB87DD}.CI-Release|Any CPU.ActiveCfg = CI-Release|Any CPU
		{E1F505B0-2A17-46B1-807B-C3CCA8FB87DD}.CI-Release|Any CPU.Build.0 = CI-Release|Any CPU
		{E1F505B0-2A17-46B1-807B-C3CCA8FB87DD}.CI-Release|ARM.ActiveCfg = CI-Release|Any CPU
		{E1F505B0-2A17-46B1-807B-C3CCA8FB87DD}.CI-Release|x64.ActiveCfg = CI-Release|Any CPU
		{E1F505B0-2A17-46B1-807B-C3CCA8FB87DD}.CI-Release|x86.ActiveCfg = CI-Release|Any CPU
		{E1F505B0-2A17-46B1-807B-C3CCA8FB87DD}.Debug|Any CPU.ActiveCfg = Debug|Any CPU
		{E1F505B0-2A17-46B1-807B-C3CCA8FB87DD}.Debug|Any CPU.Build.0 = Debug|Any CPU
		{E1F505B0-2A17-46B1-807B-C3CCA8FB87DD}.Debug|ARM.ActiveCfg = Debug|Any CPU
		{E1F505B0-2A17-46B1-807B-C3CCA8FB87DD}.Debug|x64.ActiveCfg = Debug|Any CPU
		{E1F505B0-2A17-46B1-807B-C3CCA8FB87DD}.Debug|x86.ActiveCfg = Debug|Any CPU
		{E1F505B0-2A17-46B1-807B-C3CCA8FB87DD}.Release|Any CPU.ActiveCfg = Release|Any CPU
		{E1F505B0-2A17-46B1-807B-C3CCA8FB87DD}.Release|Any CPU.Build.0 = Release|Any CPU
		{E1F505B0-2A17-46B1-807B-C3CCA8FB87DD}.Release|ARM.ActiveCfg = Release|Any CPU
		{E1F505B0-2A17-46B1-807B-C3CCA8FB87DD}.Release|x64.ActiveCfg = Release|Any CPU
		{E1F505B0-2A17-46B1-807B-C3CCA8FB87DD}.Release|x86.ActiveCfg = Release|Any CPU
		{E1316495-D453-49AF-BEA8-6E4395422F41}.CI-Release|Any CPU.ActiveCfg = CI-Release|Any CPU
		{E1316495-D453-49AF-BEA8-6E4395422F41}.CI-Release|Any CPU.Build.0 = CI-Release|Any CPU
		{E1316495-D453-49AF-BEA8-6E4395422F41}.CI-Release|ARM.ActiveCfg = CI-Release|Any CPU
		{E1316495-D453-49AF-BEA8-6E4395422F41}.CI-Release|x64.ActiveCfg = CI-Release|Any CPU
		{E1316495-D453-49AF-BEA8-6E4395422F41}.CI-Release|x86.ActiveCfg = CI-Release|Any CPU
		{E1316495-D453-49AF-BEA8-6E4395422F41}.Debug|Any CPU.ActiveCfg = Debug|Any CPU
		{E1316495-D453-49AF-BEA8-6E4395422F41}.Debug|Any CPU.Build.0 = Debug|Any CPU
		{E1316495-D453-49AF-BEA8-6E4395422F41}.Debug|ARM.ActiveCfg = Debug|Any CPU
		{E1316495-D453-49AF-BEA8-6E4395422F41}.Debug|x64.ActiveCfg = Debug|Any CPU
		{E1316495-D453-49AF-BEA8-6E4395422F41}.Debug|x86.ActiveCfg = Debug|Any CPU
		{E1316495-D453-49AF-BEA8-6E4395422F41}.Release|Any CPU.ActiveCfg = Release|Any CPU
		{E1316495-D453-49AF-BEA8-6E4395422F41}.Release|Any CPU.Build.0 = Release|Any CPU
		{E1316495-D453-49AF-BEA8-6E4395422F41}.Release|ARM.ActiveCfg = Release|Any CPU
		{E1316495-D453-49AF-BEA8-6E4395422F41}.Release|x64.ActiveCfg = Release|Any CPU
		{E1316495-D453-49AF-BEA8-6E4395422F41}.Release|x86.ActiveCfg = Release|Any CPU
		{81A8C3C6-4543-45DC-8BF5-7C50E1D1A34E}.CI-Release|Any CPU.ActiveCfg = Release|Any CPU
		{81A8C3C6-4543-45DC-8BF5-7C50E1D1A34E}.CI-Release|Any CPU.Build.0 = Release|Any CPU
		{81A8C3C6-4543-45DC-8BF5-7C50E1D1A34E}.CI-Release|ARM.ActiveCfg = Release|Any CPU
		{81A8C3C6-4543-45DC-8BF5-7C50E1D1A34E}.CI-Release|x64.ActiveCfg = Release|Any CPU
		{81A8C3C6-4543-45DC-8BF5-7C50E1D1A34E}.CI-Release|x86.ActiveCfg = Release|Any CPU
		{81A8C3C6-4543-45DC-8BF5-7C50E1D1A34E}.Debug|Any CPU.ActiveCfg = Debug|Any CPU
		{81A8C3C6-4543-45DC-8BF5-7C50E1D1A34E}.Debug|Any CPU.Build.0 = Debug|Any CPU
		{81A8C3C6-4543-45DC-8BF5-7C50E1D1A34E}.Debug|ARM.ActiveCfg = Debug|Any CPU
		{81A8C3C6-4543-45DC-8BF5-7C50E1D1A34E}.Debug|x64.ActiveCfg = Debug|Any CPU
		{81A8C3C6-4543-45DC-8BF5-7C50E1D1A34E}.Debug|x86.ActiveCfg = Debug|Any CPU
		{81A8C3C6-4543-45DC-8BF5-7C50E1D1A34E}.Release|Any CPU.ActiveCfg = Release|Any CPU
		{81A8C3C6-4543-45DC-8BF5-7C50E1D1A34E}.Release|Any CPU.Build.0 = Release|Any CPU
		{81A8C3C6-4543-45DC-8BF5-7C50E1D1A34E}.Release|ARM.ActiveCfg = Release|Any CPU
		{81A8C3C6-4543-45DC-8BF5-7C50E1D1A34E}.Release|x64.ActiveCfg = Release|Any CPU
		{81A8C3C6-4543-45DC-8BF5-7C50E1D1A34E}.Release|x86.ActiveCfg = Release|Any CPU
	EndGlobalSection
	GlobalSection(SolutionProperties) = preSolution
		HideSolutionNode = FALSE
	EndGlobalSection
EndGlobal
