
Microsoft Visual Studio Solution File, Format Version 12.00
# Visual Studio 2013
VisualStudioVersion = 12.0.40629.0
MinimumVisualStudioVersion = 10.0.40219.1
Project("{2150E333-8FDC-42A3-9474-1A3956D46DE8}") = ".nuget", ".nuget", "{5022FDC3-680F-4C7A-9838-0C0A8CB29DC3}"
	ProjectSection(SolutionItems) = preProject
		.nuget\NuGet.Config = .nuget\NuGet.Config
		.nuget\NuGet.exe = .nuget\NuGet.exe
		.nuget\NuGet.targets = .nuget\NuGet.targets
	EndProjectSection
EndProject
Project("{2150E333-8FDC-42A3-9474-1A3956D46DE8}") = "Solution Items", "Solution Items", "{46E02432-AFD3-4E1A-A2A5-E975335D3CA0}"
	ProjectSection(SolutionItems) = preProject
		Miam.build = Miam.build
	EndProjectSection
EndProject
Project("{FAE04EC0-301F-11D3-BF4B-00C04F79EFBC}") = "Miam.DataLayer", "Miam.DataLayer\Miam.DataLayer.csproj", "{45063F47-819B-4C94-A017-CE2FBE20E277}"
EndProject
Project("{FAE04EC0-301F-11D3-BF4B-00C04F79EFBC}") = "Miam.DataLayer.IntegrationTests", "Miam.DataLayer.IntegrationTests\Miam.DataLayer.IntegrationTests.csproj", "{89D99AA9-B39A-4E1D-A071-02CCEB82BBB8}"
EndProject
Project("{FAE04EC0-301F-11D3-BF4B-00C04F79EFBC}") = "Miam.Domain", "Miam.Domain\Miam.Domain.csproj", "{E810FD87-1E7A-4BFB-A16E-950281DC6F9E}"
EndProject
Project("{FAE04EC0-301F-11D3-BF4B-00C04F79EFBC}") = "Miam.TestUtility", "Miam.TestUtility\Miam.TestUtility.csproj", "{F267E2C1-675B-4CDB-BC6A-4307A609053E}"
EndProject
Project("{FAE04EC0-301F-11D3-BF4B-00C04F79EFBC}") = "Miam.Web", "Miam.Web\Miam.Web.csproj", "{4EF73B74-EB13-468A-83DA-C68FD743DCC4}"
EndProject
Project("{FAE04EC0-301F-11D3-BF4B-00C04F79EFBC}") = "Miam.Web.UnitTests", "Miam.Web.UnitTests\Miam.Web.UnitTests.csproj", "{732EFE0F-9683-45F9-828E-8D8628746B2C}"
EndProject
Project("{FAE04EC0-301F-11D3-BF4B-00C04F79EFBC}") = "Miam.ApplicationServices", "Miam.ApplicationServices\Miam.ApplicationServices.csproj", "{70287143-42AB-4F50-BB1A-CD61C1D0BC31}"
EndProject
Project("{FAE04EC0-301F-11D3-BF4B-00C04F79EFBC}") = "Miam.ApplicationServices.UnitTests", "Miam.ApplicationServices.UnitTests\Miam.ApplicationServices.UnitTests.csproj", "{72E2BEFD-CCE8-499A-A9FF-BBFAB3986FAC}"
EndProject
Project("{FAE04EC0-301F-11D3-BF4B-00C04F79EFBC}") = "Miam.AcceptanceTests", "Miam.AcceptanceTests\Miam.AcceptanceTests.csproj", "{E1F505B0-2A17-46B1-807B-C3CCA8FB87DD}"
EndProject
Project("{FAE04EC0-301F-11D3-BF4B-00C04F79EFBC}") = "Miam.AcceptanceTests.Automation", "Miam.AcceptanceTests.Automation\Miam.AcceptanceTests.Automation.csproj", "{E1316495-D453-49AF-BEA8-6E4395422F41}"
EndProject
Project("{FAE04EC0-301F-11D3-BF4B-00C04F79EFBC}") = "Externalization", "Externalization\Externalization.csproj", "{902DF601-7437-470A-BE48-AFD4B46B6A0C}"
EndProject
Project("{FAE04EC0-301F-11D3-BF4B-00C04F79EFBC}") = "Miam.ApplicationService.IntegrationTests", "Miam.ApplicationService.IntegrationTests\Miam.ApplicationService.IntegrationTests.csproj", "{90445BD6-6792-4205-9B7D-772B8373A6BF}"
EndProject
Global
	GlobalSection(SolutionConfigurationPlatforms) = preSolution
		Debug|Any CPU = Debug|Any CPU
		Release|Any CPU = Release|Any CPU
	EndGlobalSection
	GlobalSection(ProjectConfigurationPlatforms) = postSolution
		{45063F47-819B-4C94-A017-CE2FBE20E277}.Debug|Any CPU.ActiveCfg = Debug|Any CPU
		{45063F47-819B-4C94-A017-CE2FBE20E277}.Debug|Any CPU.Build.0 = Debug|Any CPU
		{45063F47-819B-4C94-A017-CE2FBE20E277}.Release|Any CPU.ActiveCfg = Release|Any CPU
		{45063F47-819B-4C94-A017-CE2FBE20E277}.Release|Any CPU.Build.0 = Release|Any CPU
		{89D99AA9-B39A-4E1D-A071-02CCEB82BBB8}.Debug|Any CPU.ActiveCfg = Debug|Any CPU
		{89D99AA9-B39A-4E1D-A071-02CCEB82BBB8}.Debug|Any CPU.Build.0 = Debug|Any CPU
		{89D99AA9-B39A-4E1D-A071-02CCEB82BBB8}.Release|Any CPU.ActiveCfg = Release|Any CPU
		{89D99AA9-B39A-4E1D-A071-02CCEB82BBB8}.Release|Any CPU.Build.0 = Release|Any CPU
		{E810FD87-1E7A-4BFB-A16E-950281DC6F9E}.Debug|Any CPU.ActiveCfg = Debug|Any CPU
		{E810FD87-1E7A-4BFB-A16E-950281DC6F9E}.Debug|Any CPU.Build.0 = Debug|Any CPU
		{E810FD87-1E7A-4BFB-A16E-950281DC6F9E}.Release|Any CPU.ActiveCfg = Release|Any CPU
		{E810FD87-1E7A-4BFB-A16E-950281DC6F9E}.Release|Any CPU.Build.0 = Release|Any CPU
		{F267E2C1-675B-4CDB-BC6A-4307A609053E}.Debug|Any CPU.ActiveCfg = Debug|Any CPU
		{F267E2C1-675B-4CDB-BC6A-4307A609053E}.Debug|Any CPU.Build.0 = Debug|Any CPU
		{F267E2C1-675B-4CDB-BC6A-4307A609053E}.Release|Any CPU.ActiveCfg = Release|Any CPU
		{F267E2C1-675B-4CDB-BC6A-4307A609053E}.Release|Any CPU.Build.0 = Release|Any CPU
		{4EF73B74-EB13-468A-83DA-C68FD743DCC4}.Debug|Any CPU.ActiveCfg = Debug|Any CPU
		{4EF73B74-EB13-468A-83DA-C68FD743DCC4}.Debug|Any CPU.Build.0 = Debug|Any CPU
		{4EF73B74-EB13-468A-83DA-C68FD743DCC4}.Release|Any CPU.ActiveCfg = Release|Any CPU
		{4EF73B74-EB13-468A-83DA-C68FD743DCC4}.Release|Any CPU.Build.0 = Release|Any CPU
		{732EFE0F-9683-45F9-828E-8D8628746B2C}.Debug|Any CPU.ActiveCfg = Debug|Any CPU
		{732EFE0F-9683-45F9-828E-8D8628746B2C}.Debug|Any CPU.Build.0 = Debug|Any CPU
		{732EFE0F-9683-45F9-828E-8D8628746B2C}.Release|Any CPU.ActiveCfg = Release|Any CPU
		{732EFE0F-9683-45F9-828E-8D8628746B2C}.Release|Any CPU.Build.0 = Release|Any CPU
		{70287143-42AB-4F50-BB1A-CD61C1D0BC31}.Debug|Any CPU.ActiveCfg = Debug|Any CPU
		{70287143-42AB-4F50-BB1A-CD61C1D0BC31}.Debug|Any CPU.Build.0 = Debug|Any CPU
		{70287143-42AB-4F50-BB1A-CD61C1D0BC31}.Release|Any CPU.ActiveCfg = Release|Any CPU
		{70287143-42AB-4F50-BB1A-CD61C1D0BC31}.Release|Any CPU.Build.0 = Release|Any CPU
		{72E2BEFD-CCE8-499A-A9FF-BBFAB3986FAC}.Debug|Any CPU.ActiveCfg = Debug|Any CPU
		{72E2BEFD-CCE8-499A-A9FF-BBFAB3986FAC}.Debug|Any CPU.Build.0 = Debug|Any CPU
		{72E2BEFD-CCE8-499A-A9FF-BBFAB3986FAC}.Release|Any CPU.ActiveCfg = Release|Any CPU
		{72E2BEFD-CCE8-499A-A9FF-BBFAB3986FAC}.Release|Any CPU.Build.0 = Release|Any CPU
		{E1F505B0-2A17-46B1-807B-C3CCA8FB87DD}.Debug|Any CPU.ActiveCfg = Debug|Any CPU
		{E1F505B0-2A17-46B1-807B-C3CCA8FB87DD}.Debug|Any CPU.Build.0 = Debug|Any CPU
		{E1F505B0-2A17-46B1-807B-C3CCA8FB87DD}.Release|Any CPU.ActiveCfg = Release|Any CPU
		{E1F505B0-2A17-46B1-807B-C3CCA8FB87DD}.Release|Any CPU.Build.0 = Release|Any CPU
		{E1316495-D453-49AF-BEA8-6E4395422F41}.Debug|Any CPU.ActiveCfg = Debug|Any CPU
		{E1316495-D453-49AF-BEA8-6E4395422F41}.Debug|Any CPU.Build.0 = Debug|Any CPU
		{E1316495-D453-49AF-BEA8-6E4395422F41}.Release|Any CPU.ActiveCfg = Release|Any CPU
		{E1316495-D453-49AF-BEA8-6E4395422F41}.Release|Any CPU.Build.0 = Release|Any CPU
		{902DF601-7437-470A-BE48-AFD4B46B6A0C}.Debug|Any CPU.ActiveCfg = Debug|Any CPU
		{902DF601-7437-470A-BE48-AFD4B46B6A0C}.Debug|Any CPU.Build.0 = Debug|Any CPU
		{902DF601-7437-470A-BE48-AFD4B46B6A0C}.Release|Any CPU.ActiveCfg = Release|Any CPU
		{902DF601-7437-470A-BE48-AFD4B46B6A0C}.Release|Any CPU.Build.0 = Release|Any CPU
		{90445BD6-6792-4205-9B7D-772B8373A6BF}.Debug|Any CPU.ActiveCfg = Debug|Any CPU
		{90445BD6-6792-4205-9B7D-772B8373A6BF}.Debug|Any CPU.Build.0 = Debug|Any CPU
		{90445BD6-6792-4205-9B7D-772B8373A6BF}.Release|Any CPU.ActiveCfg = Release|Any CPU
		{90445BD6-6792-4205-9B7D-772B8373A6BF}.Release|Any CPU.Build.0 = Release|Any CPU
	EndGlobalSection
	GlobalSection(SolutionProperties) = preSolution
		HideSolutionNode = FALSE
	EndGlobalSection
EndGlobal
